
Microsoft Visual Studio Solution File, Format Version 12.00
# Visual Studio Version 17
VisualStudioVersion = 17.9.34723.18
MinimumVisualStudioVersion = 10.0.40219.1
Project("{FAE04EC0-301F-11D3-BF4B-00C04F79EFBC}") = "202213015박다혜", "202213015박다혜.csproj", "{CD7F0A3D-06E7-4354-9401-6E007E70296D}"
EndProject
Global
	GlobalSection(SolutionConfigurationPlatforms) = preSolution
		Debug|Any CPU = Debug|Any CPU
		Release|Any CPU = Release|Any CPU
	EndGlobalSection
	GlobalSection(ProjectConfigurationPlatforms) = postSolution
		{CD7F0A3D-06E7-4354-9401-6E007E70296D}.Debug|Any CPU.ActiveCfg = Debug|Any CPU
		{CD7F0A3D-06E7-4354-9401-6E007E70296D}.Debug|Any CPU.Build.0 = Debug|Any CPU
		{CD7F0A3D-06E7-4354-9401-6E007E70296D}.Release|Any CPU.ActiveCfg = Release|Any CPU
		{CD7F0A3D-06E7-4354-9401-6E007E70296D}.Release|Any CPU.Build.0 = Release|Any CPU
	EndGlobalSection
	GlobalSection(SolutionProperties) = preSolution
		HideSolutionNode = FALSE
	EndGlobalSection
	GlobalSection(ExtensibilityGlobals) = postSolution
		SolutionGuid = {EE830E73-DEBF-4497-9A3A-1F5FF1763D15}
	EndGlobalSection
EndGlobal
