
Microsoft Visual Studio Solution File, Format Version 12.00
# Visual Studio Version 17
VisualStudioVersion = 17.9.34714.143
MinimumVisualStudioVersion = 10.0.40219.1
Project("{FAE04EC0-301F-11D3-BF4B-00C04F79EFBC}") = "ConsoleApp3", "ConsoleApp3.csproj", "{DD3A247F-DB31-4223-A49A-E42D2A012A1E}"
EndProject
Global
	GlobalSection(SolutionConfigurationPlatforms) = preSolution
		Debug|Any CPU = Debug|Any CPU
		Release|Any CPU = Release|Any CPU
	EndGlobalSection
	GlobalSection(ProjectConfigurationPlatforms) = postSolution
		{DD3A247F-DB31-4223-A49A-E42D2A012A1E}.Debug|Any CPU.ActiveCfg = Debug|Any CPU
		{DD3A247F-DB31-4223-A49A-E42D2A012A1E}.Debug|Any CPU.Build.0 = Debug|Any CPU
		{DD3A247F-DB31-4223-A49A-E42D2A012A1E}.Release|Any CPU.ActiveCfg = Release|Any CPU
		{DD3A247F-DB31-4223-A49A-E42D2A012A1E}.Release|Any CPU.Build.0 = Release|Any CPU
	EndGlobalSection
	GlobalSection(SolutionProperties) = preSolution
		HideSolutionNode = FALSE
	EndGlobalSection
	GlobalSection(ExtensibilityGlobals) = postSolution
		SolutionGuid = {43D3F446-5C36-40D8-87C4-5D421351B9FA}
	EndGlobalSection
EndGlobal
