
Microsoft Visual Studio Solution File, Format Version 12.00
# Visual Studio Version 17
VisualStudioVersion = 17.9.34723.18
MinimumVisualStudioVersion = 10.0.40219.1
Project("{FAE04EC0-301F-11D3-BF4B-00C04F79EFBC}") = "0419_02", "0419_02.csproj", "{F65E8A62-E628-4D85-BED0-8A771899DBBF}"
EndProject
Global
	GlobalSection(SolutionConfigurationPlatforms) = preSolution
		Debug|Any CPU = Debug|Any CPU
		Release|Any CPU = Release|Any CPU
	EndGlobalSection
	GlobalSection(ProjectConfigurationPlatforms) = postSolution
		{F65E8A62-E628-4D85-BED0-8A771899DBBF}.Debug|Any CPU.ActiveCfg = Debug|Any CPU
		{F65E8A62-E628-4D85-BED0-8A771899DBBF}.Debug|Any CPU.Build.0 = Debug|Any CPU
		{F65E8A62-E628-4D85-BED0-8A771899DBBF}.Release|Any CPU.ActiveCfg = Release|Any CPU
		{F65E8A62-E628-4D85-BED0-8A771899DBBF}.Release|Any CPU.Build.0 = Release|Any CPU
	EndGlobalSection
	GlobalSection(SolutionProperties) = preSolution
		HideSolutionNode = FALSE
	EndGlobalSection
	GlobalSection(ExtensibilityGlobals) = postSolution
		SolutionGuid = {1834067B-DE34-43CF-B6C4-19D1D02F1CC2}
	EndGlobalSection
EndGlobal
