
Microsoft Visual Studio Solution File, Format Version 12.00
# Visual Studio Version 17
VisualStudioVersion = 17.9.34723.18
MinimumVisualStudioVersion = 10.0.40219.1
Project("{FAE04EC0-301F-11D3-BF4B-00C04F79EFBC}") = "0328", "0328.csproj", "{8C99847E-7982-4016-8D8E-8D6A8B4C9E6C}"
EndProject
Global
	GlobalSection(SolutionConfigurationPlatforms) = preSolution
		Debug|Any CPU = Debug|Any CPU
		Release|Any CPU = Release|Any CPU
	EndGlobalSection
	GlobalSection(ProjectConfigurationPlatforms) = postSolution
		{8C99847E-7982-4016-8D8E-8D6A8B4C9E6C}.Debug|Any CPU.ActiveCfg = Debug|Any CPU
		{8C99847E-7982-4016-8D8E-8D6A8B4C9E6C}.Debug|Any CPU.Build.0 = Debug|Any CPU
		{8C99847E-7982-4016-8D8E-8D6A8B4C9E6C}.Release|Any CPU.ActiveCfg = Release|Any CPU
		{8C99847E-7982-4016-8D8E-8D6A8B4C9E6C}.Release|Any CPU.Build.0 = Release|Any CPU
	EndGlobalSection
	GlobalSection(SolutionProperties) = preSolution
		HideSolutionNode = FALSE
	EndGlobalSection
	GlobalSection(ExtensibilityGlobals) = postSolution
		SolutionGuid = {6EC1A542-8B52-477B-94AE-D7639DF83270}
	EndGlobalSection
EndGlobal
