
Microsoft Visual Studio Solution File, Format Version 12.00
# Visual Studio Version 17
VisualStudioVersion = 17.9.34723.18
MinimumVisualStudioVersion = 10.0.40219.1
Project("{FAE04EC0-301F-11D3-BF4B-00C04F79EFBC}") = "0419", "0419.csproj", "{48C0E022-FC51-4D42-8924-2DE331BE29A5}"
EndProject
Global
	GlobalSection(SolutionConfigurationPlatforms) = preSolution
		Debug|Any CPU = Debug|Any CPU
		Release|Any CPU = Release|Any CPU
	EndGlobalSection
	GlobalSection(ProjectConfigurationPlatforms) = postSolution
		{48C0E022-FC51-4D42-8924-2DE331BE29A5}.Debug|Any CPU.ActiveCfg = Debug|Any CPU
		{48C0E022-FC51-4D42-8924-2DE331BE29A5}.Debug|Any CPU.Build.0 = Debug|Any CPU
		{48C0E022-FC51-4D42-8924-2DE331BE29A5}.Release|Any CPU.ActiveCfg = Release|Any CPU
		{48C0E022-FC51-4D42-8924-2DE331BE29A5}.Release|Any CPU.Build.0 = Release|Any CPU
	EndGlobalSection
	GlobalSection(SolutionProperties) = preSolution
		HideSolutionNode = FALSE
	EndGlobalSection
	GlobalSection(ExtensibilityGlobals) = postSolution
		SolutionGuid = {501D450E-CFAA-4946-84B1-F6BFB2C4FAA1}
	EndGlobalSection
EndGlobal
