
Microsoft Visual Studio Solution File, Format Version 12.00
# Visual Studio Version 17
VisualStudioVersion = 17.9.34723.18
MinimumVisualStudioVersion = 10.0.40219.1
Project("{FAE04EC0-301F-11D3-BF4B-00C04F79EFBC}") = "ConsoleApp2", "ConsoleApp2.csproj", "{F05BB99C-313C-4110-9A30-303336626EFE}"
EndProject
Global
	GlobalSection(SolutionConfigurationPlatforms) = preSolution
		Debug|Any CPU = Debug|Any CPU
		Release|Any CPU = Release|Any CPU
	EndGlobalSection
	GlobalSection(ProjectConfigurationPlatforms) = postSolution
		{F05BB99C-313C-4110-9A30-303336626EFE}.Debug|Any CPU.ActiveCfg = Debug|Any CPU
		{F05BB99C-313C-4110-9A30-303336626EFE}.Debug|Any CPU.Build.0 = Debug|Any CPU
		{F05BB99C-313C-4110-9A30-303336626EFE}.Release|Any CPU.ActiveCfg = Release|Any CPU
		{F05BB99C-313C-4110-9A30-303336626EFE}.Release|Any CPU.Build.0 = Release|Any CPU
	EndGlobalSection
	GlobalSection(SolutionProperties) = preSolution
		HideSolutionNode = FALSE
	EndGlobalSection
	GlobalSection(ExtensibilityGlobals) = postSolution
		SolutionGuid = {6BC6ED62-2993-464C-B19A-573251520AF7}
	EndGlobalSection
EndGlobal
