
Microsoft Visual Studio Solution File, Format Version 12.00
# Visual Studio Version 17
VisualStudioVersion = 17.9.34723.18
MinimumVisualStudioVersion = 10.0.40219.1
Project("{FAE04EC0-301F-11D3-BF4B-00C04F79EFBC}") = "0509_1", "0509_1.csproj", "{52CB0C30-4862-4626-A293-E9466E5A69F3}"
EndProject
Global
	GlobalSection(SolutionConfigurationPlatforms) = preSolution
		Debug|Any CPU = Debug|Any CPU
		Release|Any CPU = Release|Any CPU
	EndGlobalSection
	GlobalSection(ProjectConfigurationPlatforms) = postSolution
		{52CB0C30-4862-4626-A293-E9466E5A69F3}.Debug|Any CPU.ActiveCfg = Debug|Any CPU
		{52CB0C30-4862-4626-A293-E9466E5A69F3}.Debug|Any CPU.Build.0 = Debug|Any CPU
		{52CB0C30-4862-4626-A293-E9466E5A69F3}.Release|Any CPU.ActiveCfg = Release|Any CPU
		{52CB0C30-4862-4626-A293-E9466E5A69F3}.Release|Any CPU.Build.0 = Release|Any CPU
	EndGlobalSection
	GlobalSection(SolutionProperties) = preSolution
		HideSolutionNode = FALSE
	EndGlobalSection
	GlobalSection(ExtensibilityGlobals) = postSolution
		SolutionGuid = {5B686056-3893-4D30-90E3-C409E89AF0E7}
	EndGlobalSection
EndGlobal
